
Microsoft Visual Studio Solution File, Format Version 12.00
# Visual Studio Version 16
VisualStudioVersion = 16.0.30503.244
MinimumVisualStudioVersion = 10.0.40219.1
Project("{FAE04EC0-301F-11D3-BF4B-00C04F79EFBC}") = "GitHubService.API", "GitHubService.API\GitHubService.API.csproj", "{BF3ECA2B-87D7-40AB-B8E8-C465FDBBE54C}"
EndProject
Project("{FAE04EC0-301F-11D3-BF4B-00C04F79EFBC}") = "GitHubService.Domain", "GitHubService.Domain\GitHubService.Domain.csproj", "{1B6C515B-22F8-4EAB-8F02-C492FB5B3183}"
EndProject
Global
	GlobalSection(SolutionConfigurationPlatforms) = preSolution
		Debug|Any CPU = Debug|Any CPU
		Release|Any CPU = Release|Any CPU
	EndGlobalSection
	GlobalSection(ProjectConfigurationPlatforms) = postSolution
		{BF3ECA2B-87D7-40AB-B8E8-C465FDBBE54C}.Debug|Any CPU.ActiveCfg = Debug|Any CPU
		{BF3ECA2B-87D7-40AB-B8E8-C465FDBBE54C}.Debug|Any CPU.Build.0 = Debug|Any CPU
		{BF3ECA2B-87D7-40AB-B8E8-C465FDBBE54C}.Release|Any CPU.ActiveCfg = Release|Any CPU
		{BF3ECA2B-87D7-40AB-B8E8-C465FDBBE54C}.Release|Any CPU.Build.0 = Release|Any CPU
		{1B6C515B-22F8-4EAB-8F02-C492FB5B3183}.Debug|Any CPU.ActiveCfg = Debug|Any CPU
		{1B6C515B-22F8-4EAB-8F02-C492FB5B3183}.Debug|Any CPU.Build.0 = Debug|Any CPU
		{1B6C515B-22F8-4EAB-8F02-C492FB5B3183}.Release|Any CPU.ActiveCfg = Release|Any CPU
		{1B6C515B-22F8-4EAB-8F02-C492FB5B3183}.Release|Any CPU.Build.0 = Release|Any CPU
	EndGlobalSection
	GlobalSection(SolutionProperties) = preSolution
		HideSolutionNode = FALSE
	EndGlobalSection
	GlobalSection(ExtensibilityGlobals) = postSolution
		SolutionGuid = {29A0DE39-6461-4C4B-885E-B0EBA5CD4582}
	EndGlobalSection
EndGlobal
